github.com/cespare/xxhash/v2 v2.3.0 h1:UL815xU9SqsFlibzuggzjXhog7bL6oX9BbNZnL2UFvs=
github.com/cespare/xxhash/v2 v2.3.0/go.mod h1:VGX0DQ3Q6kWi7AoAeZDth3/j3BFtOZR5XLFGgcrjCOs=
github.com/google/uuid v1.6.0 h1:NIvaJDMOsjHA8n1jAhLSgzrAzy1Hgr+hNrb57e+94F0=
github.com/google/uuid v1.6.0/go.mod h1:TIyPZe4MgqvfeYDBFedMoGGpEw/LqOeaOT+nhxU+yHo=
github.com/govalues/decimal v0.1.36 h1:dojDpsSvrk0ndAx8+saW5h9WDIHdWpIwrH/yhl9olyU=
github.com/govalues/decimal v0.1.36/go.mod h1:Ee7eI3Llf7hfqDZtpj8Q6NCIgJy1iY3kH1pSwDrNqlM=
github.com/on-the-ground/effect_ive_go v0.0.1 h1:NPTnZWcZFR0n1oysC7pgfOCO6IZLnxbH1pPKl/yCzzA=
github.com/on-the-ground/effect_ive_go v0.0.1/go.mod h1:DXLuHW5IMtPSuSXihPUpMRMGB7KIQzWmNjTu9KZKggE=
github.com/rickb777/date/v2 v2.1.8 h1:kNmshbN0T9bPo5BmaKUrbIINK8KnZt5E4ZMqEeD6dUQ=
github.com/rickb777/date/v2 v2.1.8/go.mod h1:MtZrs8MhPBD2xsaK2ZV5nCImqkWFRCyvQ0eXq1NR/Ig=
github.com/rickb777/period v1.0.9 h1:eDiQhraNsdhfHjkxUd3sfbbP8z+hJQ7jjnU1zVziK/o=
github.com/rickb777/period v1.0.9/go.mod h1:NoKFyyAS/3c6a3nGV8JNhzG3kxLM2BMpF1f4ivvvhKU=
github.com/rickb777/plural v1.4.2 h1:Kl/syFGLFZ5EbuV8c9SVud8s5HI2HpCCtOMw2U1kS+A=
github.com/rickb777/plural v1.4.2/go.mod h1:kdmXUpmKBJTS0FtG/TFumd//VBWsNTD7zOw7x4umxNw=
go.uber.org/multierr v1.10.0 h1:S0h4aNzvfcFsC3dRF1jLoaov7oRaKqRGC/pUEJ2yvPQ=
go.uber.org/multierr v1.10.0/go.mod h1:20+QtiLqy0Nd6FdQB9TLXag12DsQkrbs3htMFfDN80Y=
go.uber.org/zap v1.27.0 h1:aJMhYGrd5QSmlpLMr2MftRKl7t8J8PTZPA732ud/XR8=
go.uber.org/zap v1.27.0/go.mod h1:GB2qFLM7cTU87MWRP2mPIjqfIDnGu+VIO4V/SdhGo2E=
